
Microsoft Visual Studio Solution File, Format Version 12.00
# Visual Studio Version 17
VisualStudioVersion = 17.14.36301.6 d17.14
MinimumVisualStudioVersion = 10.0.40219.1
Project("{FAE04EC0-301F-11D3-BF4B-00C04F79EFBC}") = "accounting", "accounting\accounting.csproj", "{D1BF079C-3FFA-42F7-B49A-37A676949609}"
EndProject
Global
	GlobalSection(SolutionConfigurationPlatforms) = preSolution
		Debug|Any CPU = Debug|Any CPU
		Release|Any CPU = Release|Any CPU
	EndGlobalSection
	GlobalSection(ProjectConfigurationPlatforms) = postSolution
		{D1BF079C-3FFA-42F7-B49A-37A676949609}.Debug|Any CPU.ActiveCfg = Debug|Any CPU
		{D1BF079C-3FFA-42F7-B49A-37A676949609}.Debug|Any CPU.Build.0 = Debug|Any CPU
		{D1BF079C-3FFA-42F7-B49A-37A676949609}.Release|Any CPU.ActiveCfg = Release|Any CPU
		{D1BF079C-3FFA-42F7-B49A-37A676949609}.Release|Any CPU.Build.0 = Release|Any CPU
	EndGlobalSection
	GlobalSection(SolutionProperties) = preSolution
		HideSolutionNode = FALSE
	EndGlobalSection
	GlobalSection(ExtensibilityGlobals) = postSolution
		SolutionGuid = {FF01A66B-0F2C-45C7-9B3C-0C8DB37A38EB}
	EndGlobalSection
EndGlobal
